
Microsoft Visual Studio Solution File, Format Version 12.00
# Visual Studio 15
VisualStudioVersion = 15.0.26730.12
MinimumVisualStudioVersion = 10.0.40219.1
Project("{FAE04EC0-301F-11D3-BF4B-00C04F79EFBC}") = "HelloUser", "HelloUser\HelloUser.csproj", "{C56B203B-E87D-47FA-87BF-8D0FF126251A}"
EndProject
Global
	GlobalSection(SolutionConfigurationPlatforms) = preSolution
		Debug|Any CPU = Debug|Any CPU
		Release|Any CPU = Release|Any CPU
	EndGlobalSection
	GlobalSection(ProjectConfigurationPlatforms) = postSolution
		{C56B203B-E87D-47FA-87BF-8D0FF126251A}.Debug|Any CPU.ActiveCfg = Debug|Any CPU
		{C56B203B-E87D-47FA-87BF-8D0FF126251A}.Debug|Any CPU.Build.0 = Debug|Any CPU
		{C56B203B-E87D-47FA-87BF-8D0FF126251A}.Release|Any CPU.ActiveCfg = Release|Any CPU
		{C56B203B-E87D-47FA-87BF-8D0FF126251A}.Release|Any CPU.Build.0 = Release|Any CPU
	EndGlobalSection
	GlobalSection(SolutionProperties) = preSolution
		HideSolutionNode = FALSE
	EndGlobalSection
	GlobalSection(ExtensibilityGlobals) = postSolution
		SolutionGuid = {8626C58A-150F-4FCC-96ED-B0A413F3E643}
	EndGlobalSection
EndGlobal
