
Microsoft Visual Studio Solution File, Format Version 12.00
# Visual Studio 15
VisualStudioVersion = 15.0.26730.12
MinimumVisualStudioVersion = 10.0.40219.1
Project("{FAE04EC0-301F-11D3-BF4B-00C04F79EFBC}") = "One_Two_A_Lot", "One_Two_A_Lot\One_Two_A_Lot.csproj", "{72A55829-009C-4A68-A401-355E287A1344}"
EndProject
Global
	GlobalSection(SolutionConfigurationPlatforms) = preSolution
		Debug|Any CPU = Debug|Any CPU
		Release|Any CPU = Release|Any CPU
	EndGlobalSection
	GlobalSection(ProjectConfigurationPlatforms) = postSolution
		{72A55829-009C-4A68-A401-355E287A1344}.Debug|Any CPU.ActiveCfg = Debug|Any CPU
		{72A55829-009C-4A68-A401-355E287A1344}.Debug|Any CPU.Build.0 = Debug|Any CPU
		{72A55829-009C-4A68-A401-355E287A1344}.Release|Any CPU.ActiveCfg = Release|Any CPU
		{72A55829-009C-4A68-A401-355E287A1344}.Release|Any CPU.Build.0 = Release|Any CPU
	EndGlobalSection
	GlobalSection(SolutionProperties) = preSolution
		HideSolutionNode = FALSE
	EndGlobalSection
	GlobalSection(ExtensibilityGlobals) = postSolution
		SolutionGuid = {79D2E879-2BD5-4F2C-956D-76E90C3DD594}
	EndGlobalSection
EndGlobal
