
Microsoft Visual Studio Solution File, Format Version 12.00
# Visual Studio 15
VisualStudioVersion = 15.0.27004.2005
MinimumVisualStudioVersion = 10.0.40219.1
Project("{FAE04EC0-301F-11D3-BF4B-00C04F79EFBC}") = "ListingTodos", "ListingTodos\ListingTodos.csproj", "{164FA444-4661-431C-B044-178A4B286B6E}"
EndProject
Global
	GlobalSection(SolutionConfigurationPlatforms) = preSolution
		Debug|Any CPU = Debug|Any CPU
		Release|Any CPU = Release|Any CPU
	EndGlobalSection
	GlobalSection(ProjectConfigurationPlatforms) = postSolution
		{164FA444-4661-431C-B044-178A4B286B6E}.Debug|Any CPU.ActiveCfg = Debug|Any CPU
		{164FA444-4661-431C-B044-178A4B286B6E}.Debug|Any CPU.Build.0 = Debug|Any CPU
		{164FA444-4661-431C-B044-178A4B286B6E}.Release|Any CPU.ActiveCfg = Release|Any CPU
		{164FA444-4661-431C-B044-178A4B286B6E}.Release|Any CPU.Build.0 = Release|Any CPU
	EndGlobalSection
	GlobalSection(SolutionProperties) = preSolution
		HideSolutionNode = FALSE
	EndGlobalSection
	GlobalSection(ExtensibilityGlobals) = postSolution
		SolutionGuid = {B58AE795-713B-4D9B-9ED6-6A2D0C536547}
	EndGlobalSection
EndGlobal
