
Microsoft Visual Studio Solution File, Format Version 12.00
# Visual Studio 15
VisualStudioVersion = 15.0.26730.12
MinimumVisualStudioVersion = 10.0.40219.1
Project("{FAE04EC0-301F-11D3-BF4B-00C04F79EFBC}") = "VariableMutation", "VariableMutation\VariableMutation.csproj", "{10B39DB9-D1BC-4069-BD0C-9DD255B45B4B}"
EndProject
Global
	GlobalSection(SolutionConfigurationPlatforms) = preSolution
		Debug|Any CPU = Debug|Any CPU
		Release|Any CPU = Release|Any CPU
	EndGlobalSection
	GlobalSection(ProjectConfigurationPlatforms) = postSolution
		{10B39DB9-D1BC-4069-BD0C-9DD255B45B4B}.Debug|Any CPU.ActiveCfg = Debug|Any CPU
		{10B39DB9-D1BC-4069-BD0C-9DD255B45B4B}.Debug|Any CPU.Build.0 = Debug|Any CPU
		{10B39DB9-D1BC-4069-BD0C-9DD255B45B4B}.Release|Any CPU.ActiveCfg = Release|Any CPU
		{10B39DB9-D1BC-4069-BD0C-9DD255B45B4B}.Release|Any CPU.Build.0 = Release|Any CPU
	EndGlobalSection
	GlobalSection(SolutionProperties) = preSolution
		HideSolutionNode = FALSE
	EndGlobalSection
	GlobalSection(ExtensibilityGlobals) = postSolution
		SolutionGuid = {5365CE22-BCC1-43B9-9846-E7149A5FA747}
	EndGlobalSection
EndGlobal
