
Microsoft Visual Studio Solution File, Format Version 12.00
# Visual Studio 15
VisualStudioVersion = 15.0.26730.16
MinimumVisualStudioVersion = 10.0.40219.1
Project("{FAE04EC0-301F-11D3-BF4B-00C04F79EFBC}") = "Anagram", "Anagram\Anagram.csproj", "{72EE6C0A-2AB5-4047-A720-C83416F12781}"
EndProject
Project("{FAE04EC0-301F-11D3-BF4B-00C04F79EFBC}") = "AnagramTest", "AnagramTest\AnagramTest.csproj", "{66101378-2142-4C88-A288-B655A9D7FC62}"
EndProject
Global
	GlobalSection(SolutionConfigurationPlatforms) = preSolution
		Debug|Any CPU = Debug|Any CPU
		Release|Any CPU = Release|Any CPU
	EndGlobalSection
	GlobalSection(ProjectConfigurationPlatforms) = postSolution
		{72EE6C0A-2AB5-4047-A720-C83416F12781}.Debug|Any CPU.ActiveCfg = Debug|Any CPU
		{72EE6C0A-2AB5-4047-A720-C83416F12781}.Debug|Any CPU.Build.0 = Debug|Any CPU
		{72EE6C0A-2AB5-4047-A720-C83416F12781}.Release|Any CPU.ActiveCfg = Release|Any CPU
		{72EE6C0A-2AB5-4047-A720-C83416F12781}.Release|Any CPU.Build.0 = Release|Any CPU
		{66101378-2142-4C88-A288-B655A9D7FC62}.Debug|Any CPU.ActiveCfg = Debug|Any CPU
		{66101378-2142-4C88-A288-B655A9D7FC62}.Debug|Any CPU.Build.0 = Debug|Any CPU
		{66101378-2142-4C88-A288-B655A9D7FC62}.Release|Any CPU.ActiveCfg = Release|Any CPU
		{66101378-2142-4C88-A288-B655A9D7FC62}.Release|Any CPU.Build.0 = Release|Any CPU
	EndGlobalSection
	GlobalSection(SolutionProperties) = preSolution
		HideSolutionNode = FALSE
	EndGlobalSection
	GlobalSection(ExtensibilityGlobals) = postSolution
		SolutionGuid = {5198E294-FB3F-4A81-A639-1046566E648A}
	EndGlobalSection
EndGlobal
