
Microsoft Visual Studio Solution File, Format Version 12.00
# Visual Studio 15
VisualStudioVersion = 15.0.26730.12
MinimumVisualStudioVersion = 10.0.40219.1
Project("{FAE04EC0-301F-11D3-BF4B-00C04F79EFBC}") = "TodoPrint", "TodoPrint\TodoPrint.csproj", "{F6460BA1-1836-472A-8313-73F0FB6A1F29}"
EndProject
Global
	GlobalSection(SolutionConfigurationPlatforms) = preSolution
		Debug|Any CPU = Debug|Any CPU
		Release|Any CPU = Release|Any CPU
	EndGlobalSection
	GlobalSection(ProjectConfigurationPlatforms) = postSolution
		{F6460BA1-1836-472A-8313-73F0FB6A1F29}.Debug|Any CPU.ActiveCfg = Debug|Any CPU
		{F6460BA1-1836-472A-8313-73F0FB6A1F29}.Debug|Any CPU.Build.0 = Debug|Any CPU
		{F6460BA1-1836-472A-8313-73F0FB6A1F29}.Release|Any CPU.ActiveCfg = Release|Any CPU
		{F6460BA1-1836-472A-8313-73F0FB6A1F29}.Release|Any CPU.Build.0 = Release|Any CPU
	EndGlobalSection
	GlobalSection(SolutionProperties) = preSolution
		HideSolutionNode = FALSE
	EndGlobalSection
	GlobalSection(ExtensibilityGlobals) = postSolution
		SolutionGuid = {827636A4-836D-45F5-9A06-ECCCC98C8969}
	EndGlobalSection
EndGlobal
