
Microsoft Visual Studio Solution File, Format Version 12.00
# Visual Studio 15
VisualStudioVersion = 15.0.27004.2002
MinimumVisualStudioVersion = 10.0.40219.1
Project("{FAE04EC0-301F-11D3-BF4B-00C04F79EFBC}") = "Exercise2", "Exercise2\Exercise2.csproj", "{2E5CA5A6-31FD-44DE-8C57-960451DCBCF9}"
EndProject
Global
	GlobalSection(SolutionConfigurationPlatforms) = preSolution
		Debug|Any CPU = Debug|Any CPU
		Release|Any CPU = Release|Any CPU
	EndGlobalSection
	GlobalSection(ProjectConfigurationPlatforms) = postSolution
		{2E5CA5A6-31FD-44DE-8C57-960451DCBCF9}.Debug|Any CPU.ActiveCfg = Debug|Any CPU
		{2E5CA5A6-31FD-44DE-8C57-960451DCBCF9}.Debug|Any CPU.Build.0 = Debug|Any CPU
		{2E5CA5A6-31FD-44DE-8C57-960451DCBCF9}.Release|Any CPU.ActiveCfg = Release|Any CPU
		{2E5CA5A6-31FD-44DE-8C57-960451DCBCF9}.Release|Any CPU.Build.0 = Release|Any CPU
	EndGlobalSection
	GlobalSection(SolutionProperties) = preSolution
		HideSolutionNode = FALSE
	EndGlobalSection
	GlobalSection(ExtensibilityGlobals) = postSolution
		SolutionGuid = {74A0B79D-8702-49AE-B7D0-66DCB8EC3E02}
	EndGlobalSection
EndGlobal
