
Microsoft Visual Studio Solution File, Format Version 12.00
# Visual Studio 15
VisualStudioVersion = 15.0.26730.16
MinimumVisualStudioVersion = 10.0.40219.1
Project("{FAE04EC0-301F-11D3-BF4B-00C04F79EFBC}") = "RainbowBoxFunction", "RainbowBoxFunction\RainbowBoxFunction.csproj", "{B19D0A6F-7CB7-40BD-AA00-4E80AAB2B4D9}"
EndProject
Global
	GlobalSection(SolutionConfigurationPlatforms) = preSolution
		Debug|Any CPU = Debug|Any CPU
		Release|Any CPU = Release|Any CPU
	EndGlobalSection
	GlobalSection(ProjectConfigurationPlatforms) = postSolution
		{B19D0A6F-7CB7-40BD-AA00-4E80AAB2B4D9}.Debug|Any CPU.ActiveCfg = Debug|Any CPU
		{B19D0A6F-7CB7-40BD-AA00-4E80AAB2B4D9}.Debug|Any CPU.Build.0 = Debug|Any CPU
		{B19D0A6F-7CB7-40BD-AA00-4E80AAB2B4D9}.Release|Any CPU.ActiveCfg = Release|Any CPU
		{B19D0A6F-7CB7-40BD-AA00-4E80AAB2B4D9}.Release|Any CPU.Build.0 = Release|Any CPU
	EndGlobalSection
	GlobalSection(SolutionProperties) = preSolution
		HideSolutionNode = FALSE
	EndGlobalSection
	GlobalSection(ExtensibilityGlobals) = postSolution
		SolutionGuid = {B55CA6E2-7BAA-40A2-901D-F94338BF09ED}
	EndGlobalSection
EndGlobal
