
Microsoft Visual Studio Solution File, Format Version 12.00
# Visual Studio 15
VisualStudioVersion = 15.0.26730.12
MinimumVisualStudioVersion = 10.0.40219.1
Project("{FAE04EC0-301F-11D3-BF4B-00C04F79EFBC}") = "GuessMyNumber", "GuessMyNumber\GuessMyNumber.csproj", "{CD0CACE2-FA29-44AA-B992-A59854C8BFFC}"
EndProject
Global
	GlobalSection(SolutionConfigurationPlatforms) = preSolution
		Debug|Any CPU = Debug|Any CPU
		Release|Any CPU = Release|Any CPU
	EndGlobalSection
	GlobalSection(ProjectConfigurationPlatforms) = postSolution
		{CD0CACE2-FA29-44AA-B992-A59854C8BFFC}.Debug|Any CPU.ActiveCfg = Debug|Any CPU
		{CD0CACE2-FA29-44AA-B992-A59854C8BFFC}.Debug|Any CPU.Build.0 = Debug|Any CPU
		{CD0CACE2-FA29-44AA-B992-A59854C8BFFC}.Release|Any CPU.ActiveCfg = Release|Any CPU
		{CD0CACE2-FA29-44AA-B992-A59854C8BFFC}.Release|Any CPU.Build.0 = Release|Any CPU
	EndGlobalSection
	GlobalSection(SolutionProperties) = preSolution
		HideSolutionNode = FALSE
	EndGlobalSection
	GlobalSection(ExtensibilityGlobals) = postSolution
		SolutionGuid = {3489B356-1BA1-49C5-A61E-01F3E59C37B3}
	EndGlobalSection
EndGlobal
