
Microsoft Visual Studio Solution File, Format Version 12.00
# Visual Studio 15
VisualStudioVersion = 15.0.26730.16
MinimumVisualStudioVersion = 10.0.40219.1
Project("{FAE04EC0-301F-11D3-BF4B-00C04F79EFBC}") = "FourRectangles", "FourRectangles\FourRectangles.csproj", "{9E77D7ED-DF1F-480C-99D4-B428C7E06B20}"
EndProject
Global
	GlobalSection(SolutionConfigurationPlatforms) = preSolution
		Debug|Any CPU = Debug|Any CPU
		Release|Any CPU = Release|Any CPU
	EndGlobalSection
	GlobalSection(ProjectConfigurationPlatforms) = postSolution
		{9E77D7ED-DF1F-480C-99D4-B428C7E06B20}.Debug|Any CPU.ActiveCfg = Debug|Any CPU
		{9E77D7ED-DF1F-480C-99D4-B428C7E06B20}.Debug|Any CPU.Build.0 = Debug|Any CPU
		{9E77D7ED-DF1F-480C-99D4-B428C7E06B20}.Release|Any CPU.ActiveCfg = Release|Any CPU
		{9E77D7ED-DF1F-480C-99D4-B428C7E06B20}.Release|Any CPU.Build.0 = Release|Any CPU
	EndGlobalSection
	GlobalSection(SolutionProperties) = preSolution
		HideSolutionNode = FALSE
	EndGlobalSection
	GlobalSection(ExtensibilityGlobals) = postSolution
		SolutionGuid = {48DF8AC0-3880-4C40-8554-040D0D5F5984}
	EndGlobalSection
EndGlobal
