
Microsoft Visual Studio Solution File, Format Version 12.00
# Visual Studio 15
VisualStudioVersion = 15.0.26730.12
MinimumVisualStudioVersion = 10.0.40219.1
Project("{FAE04EC0-301F-11D3-BF4B-00C04F79EFBC}") = "Party_Indicator", "Party_Indicator\Party_Indicator.csproj", "{C93B771C-BAC8-43C2-99C1-73BAEDD2342F}"
EndProject
Global
	GlobalSection(SolutionConfigurationPlatforms) = preSolution
		Debug|Any CPU = Debug|Any CPU
		Release|Any CPU = Release|Any CPU
	EndGlobalSection
	GlobalSection(ProjectConfigurationPlatforms) = postSolution
		{C93B771C-BAC8-43C2-99C1-73BAEDD2342F}.Debug|Any CPU.ActiveCfg = Debug|Any CPU
		{C93B771C-BAC8-43C2-99C1-73BAEDD2342F}.Debug|Any CPU.Build.0 = Debug|Any CPU
		{C93B771C-BAC8-43C2-99C1-73BAEDD2342F}.Release|Any CPU.ActiveCfg = Release|Any CPU
		{C93B771C-BAC8-43C2-99C1-73BAEDD2342F}.Release|Any CPU.Build.0 = Release|Any CPU
	EndGlobalSection
	GlobalSection(SolutionProperties) = preSolution
		HideSolutionNode = FALSE
	EndGlobalSection
	GlobalSection(ExtensibilityGlobals) = postSolution
		SolutionGuid = {F8CC85F4-C3E5-4560-855A-C81AFAC75BC0}
	EndGlobalSection
EndGlobal
